
Microsoft Visual Studio Solution File, Format Version 12.00
# Visual Studio Version 17
VisualStudioVersion = 17.14.36518.9 d17.14
MinimumVisualStudioVersion = 10.0.40219.1
Project("{FAE04EC0-301F-11D3-BF4B-00C04F79EFBC}") = "playAndPaint", "playAndPaint\playAndPaint.csproj", "{C45E076B-4967-48DC-B552-1B23E997930E}"
EndProject
Global
	GlobalSection(SolutionConfigurationPlatforms) = preSolution
		Debug|Any CPU = Debug|Any CPU
		Release|Any CPU = Release|Any CPU
	EndGlobalSection
	GlobalSection(ProjectConfigurationPlatforms) = postSolution
		{C45E076B-4967-48DC-B552-1B23E997930E}.Debug|Any CPU.ActiveCfg = Debug|Any CPU
		{C45E076B-4967-48DC-B552-1B23E997930E}.Debug|Any CPU.Build.0 = Debug|Any CPU
		{C45E076B-4967-48DC-B552-1B23E997930E}.Release|Any CPU.ActiveCfg = Release|Any CPU
		{C45E076B-4967-48DC-B552-1B23E997930E}.Release|Any CPU.Build.0 = Release|Any CPU
	EndGlobalSection
	GlobalSection(SolutionProperties) = preSolution
		HideSolutionNode = FALSE
	EndGlobalSection
	GlobalSection(ExtensibilityGlobals) = postSolution
		SolutionGuid = {AEFA32F2-EF0F-4E57-BAEB-1E00EC04A068}
	EndGlobalSection
EndGlobal
